// !$*UTF8*$!
{
	archiveVersion = 1;
	classes = {
	};
	objectVersion = 56;
	objects = {

/* Begin PBXBuildFile section */
		720EC7F12B05D07B008C0A1A /* MapViewController.swift in Sources */ = {isa = PBXBuildFile; fileRef = 720EC7F02B05D07B008C0A1A /* MapViewController.swift */; };
		72132C5C2B051A0900BB5420 /* JoyStick.swift in Sources */ = {isa = PBXBuildFile; fileRef = 72132C5B2B051A0900BB5420 /* JoyStick.swift */; };
		726493D92B05A22C002DF331 /* HomeViewController.swift in Sources */ = {isa = PBXBuildFile; fileRef = 726493D82B05A22C002DF331 /* HomeViewController.swift */; };
		72ADBD8E2AFCB42C00384D34 /* AppDelegate.swift in Sources */ = {isa = PBXBuildFile; fileRef = 72ADBD8D2AFCB42C00384D34 /* AppDelegate.swift */; };
		72ADBD902AFCB42C00384D34 /* SceneDelegate.swift in Sources */ = {isa = PBXBuildFile; fileRef = 72ADBD8F2AFCB42C00384D34 /* SceneDelegate.swift */; };
		72ADBD972AFCB42D00384D34 /* Assets.xcassets in Resources */ = {isa = PBXBuildFile; fileRef = 72ADBD962AFCB42D00384D34 /* Assets.xcassets */; };
		72ADBD9A2AFCB42D00384D34 /* LaunchScreen.storyboard in Resources */ = {isa = PBXBuildFile; fileRef = 72ADBD982AFCB42D00384D34 /* LaunchScreen.storyboard */; };
		72ADBDA52AFCB42D00384D34 /* GreenDefenseForceTests.swift in Sources */ = {isa = PBXBuildFile; fileRef = 72ADBDA42AFCB42D00384D34 /* GreenDefenseForceTests.swift */; };
		72ADBDAF2AFCB42D00384D34 /* GreenDefenseForceUITests.swift in Sources */ = {isa = PBXBuildFile; fileRef = 72ADBDAE2AFCB42D00384D34 /* GreenDefenseForceUITests.swift */; };
		72ADBDB12AFCB42D00384D34 /* GreenDefenseForceUITestsLaunchTests.swift in Sources */ = {isa = PBXBuildFile; fileRef = 72ADBDB02AFCB42D00384D34 /* GreenDefenseForceUITestsLaunchTests.swift */; };
		72ADBDBE2AFCD32300384D34 /* GameViewController.swift in Sources */ = {isa = PBXBuildFile; fileRef = 72ADBDBD2AFCD32300384D34 /* GameViewController.swift */; };
		72ADBDC82AFDDF9300384D34 /* MainTabBarController.swift in Sources */ = {isa = PBXBuildFile; fileRef = 72ADBDC72AFDDF9300384D34 /* MainTabBarController.swift */; };
		72ADBDCA2AFDF71200384D34 /* ChallengeViewController.swift in Sources */ = {isa = PBXBuildFile; fileRef = 72ADBDC92AFDF71200384D34 /* ChallengeViewController.swift */; };
		72ADBDCC2AFDF71A00384D34 /* StoreViewController.swift in Sources */ = {isa = PBXBuildFile; fileRef = 72ADBDCB2AFDF71A00384D34 /* StoreViewController.swift */; };
		72ADBDCE2AFDF72E00384D34 /* ProfilViewController.swift in Sources */ = {isa = PBXBuildFile; fileRef = 72ADBDCD2AFDF72E00384D34 /* ProfilViewController.swift */; };
		72ADBDD02AFDF75300384D34 /* PloggingViewController.swift in Sources */ = {isa = PBXBuildFile; fileRef = 72ADBDCF2AFDF75300384D34 /* PloggingViewController.swift */; };
		72ADBDD72B008FEA00384D34 /* UIViewController+Extension.swift in Sources */ = {isa = PBXBuildFile; fileRef = 72ADBDD62B008FEA00384D34 /* UIViewController+Extension.swift */; };
		72ADBDDA2B00C7CD00384D34 /* GameViewModel.swift in Sources */ = {isa = PBXBuildFile; fileRef = 72ADBDD92B00C7CD00384D34 /* GameViewModel.swift */; };
		72ADBDDF2B01103E00384D34 /* ImageFetch.swift in Sources */ = {isa = PBXBuildFile; fileRef = 72ADBDDE2B01103E00384D34 /* ImageFetch.swift */; };
		72BD42F62B030B2A00464475 /* ImageInfo.swift in Sources */ = {isa = PBXBuildFile; fileRef = 72BD42F52B030B2A00464475 /* ImageInfo.swift */; };
/* End PBXBuildFile section */

/* Begin PBXContainerItemProxy section */
		72ADBDA12AFCB42D00384D34 /* PBXContainerItemProxy */ = {
			isa = PBXContainerItemProxy;
			containerPortal = 72ADBD822AFCB42C00384D34 /* Project object */;
			proxyType = 1;
			remoteGlobalIDString = 72ADBD892AFCB42C00384D34;
			remoteInfo = GreenDefenseForce;
		};
		72ADBDAB2AFCB42D00384D34 /* PBXContainerItemProxy */ = {
			isa = PBXContainerItemProxy;
			containerPortal = 72ADBD822AFCB42C00384D34 /* Project object */;
			proxyType = 1;
			remoteGlobalIDString = 72ADBD892AFCB42C00384D34;
			remoteInfo = GreenDefenseForce;
		};
/* End PBXContainerItemProxy section */

/* Begin PBXFileReference section */
		720EC7F02B05D07B008C0A1A /* MapViewController.swift */ = {isa = PBXFileReference; lastKnownFileType = sourcecode.swift; path = MapViewController.swift; sourceTree = "<group>"; };
		72132C5B2B051A0900BB5420 /* JoyStick.swift */ = {isa = PBXFileReference; lastKnownFileType = sourcecode.swift; path = JoyStick.swift; sourceTree = "<group>"; };
		726493D82B05A22C002DF331 /* HomeViewController.swift */ = {isa = PBXFileReference; lastKnownFileType = sourcecode.swift; path = HomeViewController.swift; sourceTree = "<group>"; };
		72ADBD8A2AFCB42C00384D34 /* GreenDefenseForce.app */ = {isa = PBXFileReference; explicitFileType = wrapper.application; includeInIndex = 0; path = GreenDefenseForce.app; sourceTree = BUILT_PRODUCTS_DIR; };
		72ADBD8D2AFCB42C00384D34 /* AppDelegate.swift */ = {isa = PBXFileReference; lastKnownFileType = sourcecode.swift; path = AppDelegate.swift; sourceTree = "<group>"; };
		72ADBD8F2AFCB42C00384D34 /* SceneDelegate.swift */ = {isa = PBXFileReference; lastKnownFileType = sourcecode.swift; path = SceneDelegate.swift; sourceTree = "<group>"; };
		72ADBD962AFCB42D00384D34 /* Assets.xcassets */ = {isa = PBXFileReference; lastKnownFileType = folder.assetcatalog; path = Assets.xcassets; sourceTree = "<group>"; };
		72ADBD992AFCB42D00384D34 /* Base */ = {isa = PBXFileReference; lastKnownFileType = file.storyboard; name = Base; path = Base.lproj/LaunchScreen.storyboard; sourceTree = "<group>"; };
		72ADBD9B2AFCB42D00384D34 /* Info.plist */ = {isa = PBXFileReference; lastKnownFileType = text.plist.xml; path = Info.plist; sourceTree = "<group>"; };
		72ADBDA02AFCB42D00384D34 /* GreenDefenseForceTests.xctest */ = {isa = PBXFileReference; explicitFileType = wrapper.cfbundle; includeInIndex = 0; path = GreenDefenseForceTests.xctest; sourceTree = BUILT_PRODUCTS_DIR; };
		72ADBDA42AFCB42D00384D34 /* GreenDefenseForceTests.swift */ = {isa = PBXFileReference; lastKnownFileType = sourcecode.swift; path = GreenDefenseForceTests.swift; sourceTree = "<group>"; };
		72ADBDAA2AFCB42D00384D34 /* GreenDefenseForceUITests.xctest */ = {isa = PBXFileReference; explicitFileType = wrapper.cfbundle; includeInIndex = 0; path = GreenDefenseForceUITests.xctest; sourceTree = BUILT_PRODUCTS_DIR; };
		72ADBDAE2AFCB42D00384D34 /* GreenDefenseForceUITests.swift */ = {isa = PBXFileReference; lastKnownFileType = sourcecode.swift; path = GreenDefenseForceUITests.swift; sourceTree = "<group>"; };
		72ADBDB02AFCB42D00384D34 /* GreenDefenseForceUITestsLaunchTests.swift */ = {isa = PBXFileReference; lastKnownFileType = sourcecode.swift; path = GreenDefenseForceUITestsLaunchTests.swift; sourceTree = "<group>"; };
		72ADBDBD2AFCD32300384D34 /* GameViewController.swift */ = {isa = PBXFileReference; lastKnownFileType = sourcecode.swift; path = GameViewController.swift; sourceTree = "<group>"; };
		72ADBDC72AFDDF9300384D34 /* MainTabBarController.swift */ = {isa = PBXFileReference; lastKnownFileType = sourcecode.swift; path = MainTabBarController.swift; sourceTree = "<group>"; };
		72ADBDC92AFDF71200384D34 /* ChallengeViewController.swift */ = {isa = PBXFileReference; lastKnownFileType = sourcecode.swift; path = ChallengeViewController.swift; sourceTree = "<group>"; };
		72ADBDCB2AFDF71A00384D34 /* StoreViewController.swift */ = {isa = PBXFileReference; lastKnownFileType = sourcecode.swift; path = StoreViewController.swift; sourceTree = "<group>"; };
		72ADBDCD2AFDF72E00384D34 /* ProfilViewController.swift */ = {isa = PBXFileReference; lastKnownFileType = sourcecode.swift; path = ProfilViewController.swift; sourceTree = "<group>"; };
		72ADBDCF2AFDF75300384D34 /* PloggingViewController.swift */ = {isa = PBXFileReference; lastKnownFileType = sourcecode.swift; path = PloggingViewController.swift; sourceTree = "<group>"; };
		72ADBDD62B008FEA00384D34 /* UIViewController+Extension.swift */ = {isa = PBXFileReference; lastKnownFileType = sourcecode.swift; path = "UIViewController+Extension.swift"; sourceTree = "<group>"; };
		72ADBDD92B00C7CD00384D34 /* GameViewModel.swift */ = {isa = PBXFileReference; lastKnownFileType = sourcecode.swift; path = GameViewModel.swift; sourceTree = "<group>"; };
		72ADBDDE2B01103E00384D34 /* ImageFetch.swift */ = {isa = PBXFileReference; lastKnownFileType = sourcecode.swift; path = ImageFetch.swift; sourceTree = "<group>"; };
		72BD42F52B030B2A00464475 /* ImageInfo.swift */ = {isa = PBXFileReference; lastKnownFileType = sourcecode.swift; path = ImageInfo.swift; sourceTree = "<group>"; };
/* End PBXFileReference section */

/* Begin PBXFrameworksBuildPhase section */
		72ADBD872AFCB42C00384D34 /* Frameworks */ = {
			isa = PBXFrameworksBuildPhase;
			buildActionMask = 2147483647;
			files = (
			);
			runOnlyForDeploymentPostprocessing = 0;
		};
		72ADBD9D2AFCB42D00384D34 /* Frameworks */ = {
			isa = PBXFrameworksBuildPhase;
			buildActionMask = 2147483647;
			files = (
			);
			runOnlyForDeploymentPostprocessing = 0;
		};
		72ADBDA72AFCB42D00384D34 /* Frameworks */ = {
			isa = PBXFrameworksBuildPhase;
			buildActionMask = 2147483647;
			files = (
			);
			runOnlyForDeploymentPostprocessing = 0;
		};
/* End PBXFrameworksBuildPhase section */

/* Begin PBXGroup section */
		72ADBD812AFCB42C00384D34 = {
			isa = PBXGroup;
			children = (
				72ADBD8C2AFCB42C00384D34 /* GreenDefenseForce */,
				72ADBDA32AFCB42D00384D34 /* GreenDefenseForceTests */,
				72ADBDAD2AFCB42D00384D34 /* GreenDefenseForceUITests */,
				72ADBD8B2AFCB42C00384D34 /* Products */,
			);
			sourceTree = "<group>";
		};
		72ADBD8B2AFCB42C00384D34 /* Products */ = {
			isa = PBXGroup;
			children = (
				72ADBD8A2AFCB42C00384D34 /* GreenDefenseForce.app */,
				72ADBDA02AFCB42D00384D34 /* GreenDefenseForceTests.xctest */,
				72ADBDAA2AFCB42D00384D34 /* GreenDefenseForceUITests.xctest */,
			);
			name = Products;
			sourceTree = "<group>";
		};
		72ADBD8C2AFCB42C00384D34 /* GreenDefenseForce */ = {
			isa = PBXGroup;
			children = (
				72ADBD8D2AFCB42C00384D34 /* AppDelegate.swift */,
				72ADBD8F2AFCB42C00384D34 /* SceneDelegate.swift */,
				72ADBDC72AFDDF9300384D34 /* MainTabBarController.swift */,
				72ADBDD42AFDF76C00384D34 /* Challenge */,
				72ADBDD12AFDF75B00384D34 /* Plogging */,
				72ADBDD52AFDF77100384D34 /* Game */,
				72ADBDD32AFDF76600384D34 /* Store */,
				72ADBDD22AFDF76200384D34 /* Profile */,
				72ADBDD82B0090F200384D34 /* Util */,
				72ADBD962AFCB42D00384D34 /* Assets.xcassets */,
				72ADBD982AFCB42D00384D34 /* LaunchScreen.storyboard */,
				72ADBD9B2AFCB42D00384D34 /* Info.plist */,
			);
			path = GreenDefenseForce;
			sourceTree = "<group>";
		};
		72ADBDA32AFCB42D00384D34 /* GreenDefenseForceTests */ = {
			isa = PBXGroup;
			children = (
				72ADBDA42AFCB42D00384D34 /* GreenDefenseForceTests.swift */,
			);
			path = GreenDefenseForceTests;
			sourceTree = "<group>";
		};
		72ADBDAD2AFCB42D00384D34 /* GreenDefenseForceUITests */ = {
			isa = PBXGroup;
			children = (
				72ADBDAE2AFCB42D00384D34 /* GreenDefenseForceUITests.swift */,
				72ADBDB02AFCB42D00384D34 /* GreenDefenseForceUITestsLaunchTests.swift */,
			);
			path = GreenDefenseForceUITests;
			sourceTree = "<group>";
		};
		72ADBDD12AFDF75B00384D34 /* Plogging */ = {
			isa = PBXGroup;
			children = (
				72ADBDCF2AFDF75300384D34 /* PloggingViewController.swift */,
			);
			path = Plogging;
			sourceTree = "<group>";
		};
		72ADBDD22AFDF76200384D34 /* Profile */ = {
			isa = PBXGroup;
			children = (
				72ADBDCD2AFDF72E00384D34 /* ProfilViewController.swift */,
			);
			path = Profile;
			sourceTree = "<group>";
		};
		72ADBDD32AFDF76600384D34 /* Store */ = {
			isa = PBXGroup;
			children = (
				72ADBDCB2AFDF71A00384D34 /* StoreViewController.swift */,
			);
			path = Store;
			sourceTree = "<group>";
		};
		72ADBDD42AFDF76C00384D34 /* Challenge */ = {
			isa = PBXGroup;
			children = (
				72ADBDC92AFDF71200384D34 /* ChallengeViewController.swift */,
			);
			path = Challenge;
			sourceTree = "<group>";
		};
		72ADBDD52AFDF77100384D34 /* Game */ = {
			isa = PBXGroup;
			children = (
				720EC7F02B05D07B008C0A1A /* MapViewController.swift */,
				72ADBDBD2AFCD32300384D34 /* GameViewController.swift */,
				72ADBDD92B00C7CD00384D34 /* GameViewModel.swift */,
				72132C5B2B051A0900BB5420 /* JoyStick.swift */,
				726493D82B05A22C002DF331 /* HomeViewController.swift */,
			);
			path = Game;
			sourceTree = "<group>";
		};
		72ADBDD82B0090F200384D34 /* Util */ = {
			isa = PBXGroup;
			children = (
				72ADBDD62B008FEA00384D34 /* UIViewController+Extension.swift */,
				72ADBDDE2B01103E00384D34 /* ImageFetch.swift */,
				72BD42F52B030B2A00464475 /* ImageInfo.swift */,
			);
			path = Util;
			sourceTree = "<group>";
		};
/* End PBXGroup section */

/* Begin PBXNativeTarget section */
		72ADBD892AFCB42C00384D34 /* GreenDefenseForce */ = {
			isa = PBXNativeTarget;
			buildConfigurationList = 72ADBDB42AFCB42D00384D34 /* Build configuration list for PBXNativeTarget "GreenDefenseForce" */;
			buildPhases = (
				72ADBD862AFCB42C00384D34 /* Sources */,
				72ADBD872AFCB42C00384D34 /* Frameworks */,
				72ADBD882AFCB42C00384D34 /* Resources */,
			);
			buildRules = (
			);
			dependencies = (
			);
			name = GreenDefenseForce;
			productName = GreenDefenseForce;
			productReference = 72ADBD8A2AFCB42C00384D34 /* GreenDefenseForce.app */;
			productType = "com.apple.product-type.application";
		};
		72ADBD9F2AFCB42D00384D34 /* GreenDefenseForceTests */ = {
			isa = PBXNativeTarget;
			buildConfigurationList = 72ADBDB72AFCB42D00384D34 /* Build configuration list for PBXNativeTarget "GreenDefenseForceTests" */;
			buildPhases = (
				72ADBD9C2AFCB42D00384D34 /* Sources */,
				72ADBD9D2AFCB42D00384D34 /* Frameworks */,
				72ADBD9E2AFCB42D00384D34 /* Resources */,
			);
			buildRules = (
			);
			dependencies = (
				72ADBDA22AFCB42D00384D34 /* PBXTargetDependency */,
			);
			name = GreenDefenseForceTests;
			productName = GreenDefenseForceTests;
			productReference = 72ADBDA02AFCB42D00384D34 /* GreenDefenseForceTests.xctest */;
			productType = "com.apple.product-type.bundle.unit-test";
		};
		72ADBDA92AFCB42D00384D34 /* GreenDefenseForceUITests */ = {
			isa = PBXNativeTarget;
			buildConfigurationList = 72ADBDBA2AFCB42D00384D34 /* Build configuration list for PBXNativeTarget "GreenDefenseForceUITests" */;
			buildPhases = (
				72ADBDA62AFCB42D00384D34 /* Sources */,
				72ADBDA72AFCB42D00384D34 /* Frameworks */,
				72ADBDA82AFCB42D00384D34 /* Resources */,
			);
			buildRules = (
			);
			dependencies = (
				72ADBDAC2AFCB42D00384D34 /* PBXTargetDependency */,
			);
			name = GreenDefenseForceUITests;
			productName = GreenDefenseForceUITests;
			productReference = 72ADBDAA2AFCB42D00384D34 /* GreenDefenseForceUITests.xctest */;
			productType = "com.apple.product-type.bundle.ui-testing";
		};
/* End PBXNativeTarget section */

/* Begin PBXProject section */
		72ADBD822AFCB42C00384D34 /* Project object */ = {
			isa = PBXProject;
			attributes = {
				BuildIndependentTargetsInParallel = 1;
				LastSwiftUpdateCheck = 1500;
				LastUpgradeCheck = 1500;
				TargetAttributes = {
					72ADBD892AFCB42C00384D34 = {
						CreatedOnToolsVersion = 15.0.1;
					};
					72ADBD9F2AFCB42D00384D34 = {
						CreatedOnToolsVersion = 15.0.1;
						TestTargetID = 72ADBD892AFCB42C00384D34;
					};
					72ADBDA92AFCB42D00384D34 = {
						CreatedOnToolsVersion = 15.0.1;
						TestTargetID = 72ADBD892AFCB42C00384D34;
					};
				};
			};
			buildConfigurationList = 72ADBD852AFCB42C00384D34 /* Build configuration list for PBXProject "GreenDefenseForce" */;
			compatibilityVersion = "Xcode 14.0";
			developmentRegion = en;
			hasScannedForEncodings = 0;
			knownRegions = (
				en,
				Base,
			);
			mainGroup = 72ADBD812AFCB42C00384D34;
			productRefGroup = 72ADBD8B2AFCB42C00384D34 /* Products */;
			projectDirPath = "";
			projectRoot = "";
			targets = (
				72ADBD892AFCB42C00384D34 /* GreenDefenseForce */,
				72ADBD9F2AFCB42D00384D34 /* GreenDefenseForceTests */,
				72ADBDA92AFCB42D00384D34 /* GreenDefenseForceUITests */,
			);
		};
/* End PBXProject section */

/* Begin PBXResourcesBuildPhase section */
		72ADBD882AFCB42C00384D34 /* Resources */ = {
			isa = PBXResourcesBuildPhase;
			buildActionMask = 2147483647;
			files = (
				72ADBD9A2AFCB42D00384D34 /* LaunchScreen.storyboard in Resources */,
				72ADBD972AFCB42D00384D34 /* Assets.xcassets in Resources */,
			);
			runOnlyForDeploymentPostprocessing = 0;
		};
		72ADBD9E2AFCB42D00384D34 /* Resources */ = {
			isa = PBXResourcesBuildPhase;
			buildActionMask = 2147483647;
			files = (
			);
			runOnlyForDeploymentPostprocessing = 0;
		};
		72ADBDA82AFCB42D00384D34 /* Resources */ = {
			isa = PBXResourcesBuildPhase;
			buildActionMask = 2147483647;
			files = (
			);
			runOnlyForDeploymentPostprocessing = 0;
		};
/* End PBXResourcesBuildPhase section */

/* Begin PBXSourcesBuildPhase section */
		72ADBD862AFCB42C00384D34 /* Sources */ = {
			isa = PBXSourcesBuildPhase;
			buildActionMask = 2147483647;
			files = (
				72ADBDD72B008FEA00384D34 /* UIViewController+Extension.swift in Sources */,
				72ADBDDA2B00C7CD00384D34 /* GameViewModel.swift in Sources */,
				72ADBD8E2AFCB42C00384D34 /* AppDelegate.swift in Sources */,
				72ADBDCA2AFDF71200384D34 /* ChallengeViewController.swift in Sources */,
				72ADBDCE2AFDF72E00384D34 /* ProfilViewController.swift in Sources */,
				726493D92B05A22C002DF331 /* HomeViewController.swift in Sources */,
				72ADBDCC2AFDF71A00384D34 /* StoreViewController.swift in Sources */,
				72BD42F62B030B2A00464475 /* ImageInfo.swift in Sources */,
				72ADBDC82AFDDF9300384D34 /* MainTabBarController.swift in Sources */,
				72132C5C2B051A0900BB5420 /* JoyStick.swift in Sources */,
				72ADBDD02AFDF75300384D34 /* PloggingViewController.swift in Sources */,
				72ADBD902AFCB42C00384D34 /* SceneDelegate.swift in Sources */,
				72ADBDDF2B01103E00384D34 /* ImageFetch.swift in Sources */,
				720EC7F12B05D07B008C0A1A /* MapViewController.swift in Sources */,
				72ADBDBE2AFCD32300384D34 /* GameViewController.swift in Sources */,
			);
			runOnlyForDeploymentPostprocessing = 0;
		};
		72ADBD9C2AFCB42D00384D34 /* Sources */ = {
			isa = PBXSourcesBuildPhase;
			buildActionMask = 2147483647;
			files = (
				72ADBDA52AFCB42D00384D34 /* GreenDefenseForceTests.swift in Sources */,
			);
			runOnlyForDeploymentPostprocessing = 0;
		};
		72ADBDA62AFCB42D00384D34 /* Sources */ = {
			isa = PBXSourcesBuildPhase;
			buildActionMask = 2147483647;
			files = (
				72ADBDAF2AFCB42D00384D34 /* GreenDefenseForceUITests.swift in Sources */,
				72ADBDB12AFCB42D00384D34 /* GreenDefenseForceUITestsLaunchTests.swift in Sources */,
			);
			runOnlyForDeploymentPostprocessing = 0;
		};
/* End PBXSourcesBuildPhase section */

/* Begin PBXTargetDependency section */
		72ADBDA22AFCB42D00384D34 /* PBXTargetDependency */ = {
			isa = PBXTargetDependency;
			target = 72ADBD892AFCB42C00384D34 /* GreenDefenseForce */;
			targetProxy = 72ADBDA12AFCB42D00384D34 /* PBXContainerItemProxy */;
		};
		72ADBDAC2AFCB42D00384D34 /* PBXTargetDependency */ = {
			isa = PBXTargetDependency;
			target = 72ADBD892AFCB42C00384D34 /* GreenDefenseForce */;
			targetProxy = 72ADBDAB2AFCB42D00384D34 /* PBXContainerItemProxy */;
		};
/* End PBXTargetDependency section */

/* Begin PBXVariantGroup section */
		72ADBD982AFCB42D00384D34 /* LaunchScreen.storyboard */ = {
			isa = PBXVariantGroup;
			children = (
				72ADBD992AFCB42D00384D34 /* Base */,
			);
			name = LaunchScreen.storyboard;
			sourceTree = "<group>";
		};
/* End PBXVariantGroup section */

/* Begin XCBuildConfiguration section */
		72ADBDB22AFCB42D00384D34 /* Debug */ = {
			isa = XCBuildConfiguration;
			buildSettings = {
				ALWAYS_SEARCH_USER_PATHS = NO;
				ASSETCATALOG_COMPILER_GENERATE_SWIFT_ASSET_SYMBOL_EXTENSIONS = YES;
				CLANG_ANALYZER_NONNULL = YES;
				CLANG_ANALYZER_NUMBER_OBJECT_CONVERSION = YES_AGGRESSIVE;
				CLANG_CXX_LANGUAGE_STANDARD = "gnu++20";
				CLANG_ENABLE_MODULES = YES;
				CLANG_ENABLE_OBJC_ARC = YES;
				CLANG_ENABLE_OBJC_WEAK = YES;
				CLANG_WARN_BLOCK_CAPTURE_AUTORELEASING = YES;
				CLANG_WARN_BOOL_CONVERSION = YES;
				CLANG_WARN_COMMA = YES;
				CLANG_WARN_CONSTANT_CONVERSION = YES;
				CLANG_WARN_DEPRECATED_OBJC_IMPLEMENTATIONS = YES;
				CLANG_WARN_DIRECT_OBJC_ISA_USAGE = YES_ERROR;
				CLANG_WARN_DOCUMENTATION_COMMENTS = YES;
				CLANG_WARN_EMPTY_BODY = YES;
				CLANG_WARN_ENUM_CONVERSION = YES;
				CLANG_WARN_INFINITE_RECURSION = YES;
				CLANG_WARN_INT_CONVERSION = YES;
				CLANG_WARN_NON_LITERAL_NULL_CONVERSION = YES;
				CLANG_WARN_OBJC_IMPLICIT_RETAIN_SELF = YES;
				CLANG_WARN_OBJC_LITERAL_CONVERSION = YES;
				CLANG_WARN_OBJC_ROOT_CLASS = YES_ERROR;
				CLANG_WARN_QUOTED_INCLUDE_IN_FRAMEWORK_HEADER = YES;
				CLANG_WARN_RANGE_LOOP_ANALYSIS = YES;
				CLANG_WARN_STRICT_PROTOTYPES = YES;
				CLANG_WARN_SUSPICIOUS_MOVE = YES;
				CLANG_WARN_UNGUARDED_AVAILABILITY = YES_AGGRESSIVE;
				CLANG_WARN_UNREACHABLE_CODE = YES;
				CLANG_WARN__DUPLICATE_METHOD_MATCH = YES;
				COPY_PHASE_STRIP = NO;
				DEBUG_INFORMATION_FORMAT = dwarf;
				ENABLE_STRICT_OBJC_MSGSEND = YES;
				ENABLE_TESTABILITY = YES;
				ENABLE_USER_SCRIPT_SANDBOXING = YES;
				GCC_C_LANGUAGE_STANDARD = gnu17;
				GCC_DYNAMIC_NO_PIC = NO;
				GCC_NO_COMMON_BLOCKS = YES;
				GCC_OPTIMIZATION_LEVEL = 0;
				GCC_PREPROCESSOR_DEFINITIONS = (
					"DEBUG=1",
					"$(inherited)",
				);
				GCC_WARN_64_TO_32_BIT_CONVERSION = YES;
				GCC_WARN_ABOUT_RETURN_TYPE = YES_ERROR;
				GCC_WARN_UNDECLARED_SELECTOR = YES;
				GCC_WARN_UNINITIALIZED_AUTOS = YES_AGGRESSIVE;
				GCC_WARN_UNUSED_FUNCTION = YES;
				GCC_WARN_UNUSED_VARIABLE = YES;
				IPHONEOS_DEPLOYMENT_TARGET = 17.0;
				LOCALIZATION_PREFERS_STRING_CATALOGS = YES;
				MTL_ENABLE_DEBUG_INFO = INCLUDE_SOURCE;
				MTL_FAST_MATH = YES;
				ONLY_ACTIVE_ARCH = YES;
				SDKROOT = iphoneos;
				SWIFT_ACTIVE_COMPILATION_CONDITIONS = "DEBUG $(inherited)";
				SWIFT_OPTIMIZATION_LEVEL = "-Onone";
			};
			name = Debug;
		};
		72ADBDB32AFCB42D00384D34 /* Release */ = {
			isa = XCBuildConfiguration;
			buildSettings = {
				ALWAYS_SEARCH_USER_PATHS = NO;
				ASSETCATALOG_COMPILER_GENERATE_SWIFT_ASSET_SYMBOL_EXTENSIONS = YES;
				CLANG_ANALYZER_NONNULL = YES;
				CLANG_ANALYZER_NUMBER_OBJECT_CONVERSION = YES_AGGRESSIVE;
				CLANG_CXX_LANGUAGE_STANDARD = "gnu++20";
				CLANG_ENABLE_MODULES = YES;
				CLANG_ENABLE_OBJC_ARC = YES;
				CLANG_ENABLE_OBJC_WEAK = YES;
				CLANG_WARN_BLOCK_CAPTURE_AUTORELEASING = YES;
				CLANG_WARN_BOOL_CONVERSION = YES;
				CLANG_WARN_COMMA = YES;
				CLANG_WARN_CONSTANT_CONVERSION = YES;
				CLANG_WARN_DEPRECATED_OBJC_IMPLEMENTATIONS = YES;
				CLANG_WARN_DIRECT_OBJC_ISA_USAGE = YES_ERROR;
				CLANG_WARN_DOCUMENTATION_COMMENTS = YES;
				CLANG_WARN_EMPTY_BODY = YES;
				CLANG_WARN_ENUM_CONVERSION = YES;
				CLANG_WARN_INFINITE_RECURSION = YES;
				CLANG_WARN_INT_CONVERSION = YES;
				CLANG_WARN_NON_LITERAL_NULL_CONVERSION = YES;
				CLANG_WARN_OBJC_IMPLICIT_RETAIN_SELF = YES;
				CLANG_WARN_OBJC_LITERAL_CONVERSION = YES;
				CLANG_WARN_OBJC_ROOT_CLASS = YES_ERROR;
				CLANG_WARN_QUOTED_INCLUDE_IN_FRAMEWORK_HEADER = YES;
				CLANG_WARN_RANGE_LOOP_ANALYSIS = YES;
				CLANG_WARN_STRICT_PROTOTYPES = YES;
				CLANG_WARN_SUSPICIOUS_MOVE = YES;
				CLANG_WARN_UNGUARDED_AVAILABILITY = YES_AGGRESSIVE;
				CLANG_WARN_UNREACHABLE_CODE = YES;
				CLANG_WARN__DUPLICATE_METHOD_MATCH = YES;
				COPY_PHASE_STRIP = NO;
				DEBUG_INFORMATION_FORMAT = "dwarf-with-dsym";
				ENABLE_NS_ASSERTIONS = NO;
				ENABLE_STRICT_OBJC_MSGSEND = YES;
				ENABLE_USER_SCRIPT_SANDBOXING = YES;
				GCC_C_LANGUAGE_STANDARD = gnu17;
				GCC_NO_COMMON_BLOCKS = YES;
				GCC_WARN_64_TO_32_BIT_CONVERSION = YES;
				GCC_WARN_ABOUT_RETURN_TYPE = YES_ERROR;
				GCC_WARN_UNDECLARED_SELECTOR = YES;
				GCC_WARN_UNINITIALIZED_AUTOS = YES_AGGRESSIVE;
				GCC_WARN_UNUSED_FUNCTION = YES;
				GCC_WARN_UNUSED_VARIABLE = YES;
				IPHONEOS_DEPLOYMENT_TARGET = 17.0;
				LOCALIZATION_PREFERS_STRING_CATALOGS = YES;
				MTL_ENABLE_DEBUG_INFO = NO;
				MTL_FAST_MATH = YES;
				SDKROOT = iphoneos;
				SWIFT_COMPILATION_MODE = wholemodule;
				VALIDATE_PRODUCT = YES;
			};
			name = Release;
		};
		72ADBDB52AFCB42D00384D34 /* Debug */ = {
			isa = XCBuildConfiguration;
			buildSettings = {
				ASSETCATALOG_COMPILER_APPICON_NAME = AppIcon;
				ASSETCATALOG_COMPILER_GLOBAL_ACCENT_COLOR_NAME = AccentColor;
				CODE_SIGN_STYLE = Automatic;
				CURRENT_PROJECT_VERSION = 1;
				DEVELOPMENT_TEAM = GKWM8Q6TMS;
				GENERATE_INFOPLIST_FILE = YES;
				INFOPLIST_FILE = GreenDefenseForce/Info.plist;
				INFOPLIST_KEY_UIApplicationSupportsIndirectInputEvents = YES;
				INFOPLIST_KEY_UILaunchStoryboardName = LaunchScreen;
				INFOPLIST_KEY_UISupportedInterfaceOrientations_iPad = "UIInterfaceOrientationPortrait UIInterfaceOrientationPortraitUpsideDown UIInterfaceOrientationLandscapeLeft UIInterfaceOrientationLandscapeRight";
				INFOPLIST_KEY_UISupportedInterfaceOrientations_iPhone = "UIInterfaceOrientationPortrait UIInterfaceOrientationLandscapeLeft UIInterfaceOrientationLandscapeRight";
				IPHONEOS_DEPLOYMENT_TARGET = 15.0;
				LD_RUNPATH_SEARCH_PATHS = (
					"$(inherited)",
					"@executable_path/Frameworks",
				);
				MARKETING_VERSION = 1.0;
				PRODUCT_BUNDLE_IDENTIFIER = com.wanjae.GreenDefenseForce;
				PRODUCT_NAME = "$(TARGET_NAME)";
				SWIFT_EMIT_LOC_STRINGS = YES;
				SWIFT_VERSION = 5.0;
				TARGETED_DEVICE_FAMILY = "1,2";
			};
			name = Debug;
		};
		72ADBDB62AFCB42D00384D34 /* Release */ = {
			isa = XCBuildConfiguration;
			buildSettings = {
				ASSETCATALOG_COMPILER_APPICON_NAME = AppIcon;
				ASSETCATALOG_COMPILER_GLOBAL_ACCENT_COLOR_NAME = AccentColor;
				CODE_SIGN_STYLE = Automatic;
				CURRENT_PROJECT_VERSION = 1;
				DEVELOPMENT_TEAM = GKWM8Q6TMS;
				GENERATE_INFOPLIST_FILE = YES;
				INFOPLIST_FILE = GreenDefenseForce/Info.plist;
				INFOPLIST_KEY_UIApplicationSupportsIndirectInputEvents = YES;
				INFOPLIST_KEY_UILaunchStoryboardName = LaunchScreen;
				INFOPLIST_KEY_UISupportedInterfaceOrientations_iPad = "UIInterfaceOrientationPortrait UIInterfaceOrientationPortraitUpsideDown UIInterfaceOrientationLandscapeLeft UIInterfaceOrientationLandscapeRight";
				INFOPLIST_KEY_UISupportedInterfaceOrientations_iPhone = "UIInterfaceOrientationPortrait UIInterfaceOrientationLandscapeLeft UIInterfaceOrientationLandscapeRight";
				IPHONEOS_DEPLOYMENT_TARGET = 15.0;
				LD_RUNPATH_SEARCH_PATHS = (
					"$(inherited)",
					"@executable_path/Frameworks",
				);
				MARKETING_VERSION = 1.0;
				PRODUCT_BUNDLE_IDENTIFIER = com.wanjae.GreenDefenseForce;
				PRODUCT_NAME = "$(TARGET_NAME)";
				SWIFT_EMIT_LOC_STRINGS = YES;
				SWIFT_VERSION = 5.0;
				TARGETED_DEVICE_FAMILY = "1,2";
			};
			name = Release;
		};
		72ADBDB82AFCB42D00384D34 /* Debug */ = {
			isa = XCBuildConfiguration;
			buildSettings = {
				ALWAYS_EMBED_SWIFT_STANDARD_LIBRARIES = YES;
				BUNDLE_LOADER = "$(TEST_HOST)";
				CODE_SIGN_STYLE = Automatic;
				CURRENT_PROJECT_VERSION = 1;
				DEVELOPMENT_TEAM = GKWM8Q6TMS;
				GENERATE_INFOPLIST_FILE = YES;
				IPHONEOS_DEPLOYMENT_TARGET = 17.0;
				MARKETING_VERSION = 1.0;
				PRODUCT_BUNDLE_IDENTIFIER = com.wanjae.GreenDefenseForceTests;
				PRODUCT_NAME = "$(TARGET_NAME)";
				SWIFT_EMIT_LOC_STRINGS = NO;
				SWIFT_VERSION = 5.0;
				TARGETED_DEVICE_FAMILY = "1,2";
				TEST_HOST = "$(BUILT_PRODUCTS_DIR)/GreenDefenseForce.app/$(BUNDLE_EXECUTABLE_FOLDER_PATH)/GreenDefenseForce";
			};
			name = Debug;
		};
		72ADBDB92AFCB42D00384D34 /* Release */ = {
			isa = XCBuildConfiguration;
			buildSettings = {
				ALWAYS_EMBED_SWIFT_STANDARD_LIBRARIES = YES;
				BUNDLE_LOADER = "$(TEST_HOST)";
				CODE_SIGN_STYLE = Automatic;
				CURRENT_PROJECT_VERSION = 1;
				DEVELOPMENT_TEAM = GKWM8Q6TMS;
				GENERATE_INFOPLIST_FILE = YES;
				IPHONEOS_DEPLOYMENT_TARGET = 17.0;
				MARKETING_VERSION = 1.0;
				PRODUCT_BUNDLE_IDENTIFIER = com.wanjae.GreenDefenseForceTests;
				PRODUCT_NAME = "$(TARGET_NAME)";
				SWIFT_EMIT_LOC_STRINGS = NO;
				SWIFT_VERSION = 5.0;
				TARGETED_DEVICE_FAMILY = "1,2";
				TEST_HOST = "$(BUILT_PRODUCTS_DIR)/GreenDefenseForce.app/$(BUNDLE_EXECUTABLE_FOLDER_PATH)/GreenDefenseForce";
			};
			name = Release;
		};
		72ADBDBB2AFCB42D00384D34 /* Debug */ = {
			isa = XCBuildConfiguration;
			buildSettings = {
				ALWAYS_EMBED_SWIFT_STANDARD_LIBRARIES = YES;
				CODE_SIGN_STYLE = Automatic;
				CURRENT_PROJECT_VERSION = 1;
				DEVELOPMENT_TEAM = GKWM8Q6TMS;
				GENERATE_INFOPLIST_FILE = YES;
				MARKETING_VERSION = 1.0;
				PRODUCT_BUNDLE_IDENTIFIER = com.wanjae.GreenDefenseForceUITests;
				PRODUCT_NAME = "$(TARGET_NAME)";
				SWIFT_EMIT_LOC_STRINGS = NO;
				SWIFT_VERSION = 5.0;
				TARGETED_DEVICE_FAMILY = "1,2";
				TEST_TARGET_NAME = GreenDefenseForce;
			};
			name = Debug;
		};
		72ADBDBC2AFCB42D00384D34 /* Release */ = {
			isa = XCBuildConfiguration;
			buildSettings = {
				ALWAYS_EMBED_SWIFT_STANDARD_LIBRARIES = YES;
				CODE_SIGN_STYLE = Automatic;
				CURRENT_PROJECT_VERSION = 1;
				DEVELOPMENT_TEAM = GKWM8Q6TMS;
				GENERATE_INFOPLIST_FILE = YES;
				MARKETING_VERSION = 1.0;
				PRODUCT_BUNDLE_IDENTIFIER = com.wanjae.GreenDefenseForceUITests;
				PRODUCT_NAME = "$(TARGET_NAME)";
				SWIFT_EMIT_LOC_STRINGS = NO;
				SWIFT_VERSION = 5.0;
				TARGETED_DEVICE_FAMILY = "1,2";
				TEST_TARGET_NAME = GreenDefenseForce;
			};
			name = Release;
		};
/* End XCBuildConfiguration section */

/* Begin XCConfigurationList section */
		72ADBD852AFCB42C00384D34 /* Build configuration list for PBXProject "GreenDefenseForce" */ = {
			isa = XCConfigurationList;
			buildConfigurations = (
				72ADBDB22AFCB42D00384D34 /* Debug */,
				72ADBDB32AFCB42D00384D34 /* Release */,
			);
			defaultConfigurationIsVisible = 0;
			defaultConfigurationName = Release;
		};
		72ADBDB42AFCB42D00384D34 /* Build configuration list for PBXNativeTarget "GreenDefenseForce" */ = {
			isa = XCConfigurationList;
			buildConfigurations = (
				72ADBDB52AFCB42D00384D34 /* Debug */,
				72ADBDB62AFCB42D00384D34 /* Release */,
			);
			defaultConfigurationIsVisible = 0;
			defaultConfigurationName = Release;
		};
		72ADBDB72AFCB42D00384D34 /* Build configuration list for PBXNativeTarget "GreenDefenseForceTests" */ = {
			isa = XCConfigurationList;
			buildConfigurations = (
				72ADBDB82AFCB42D00384D34 /* Debug */,
				72ADBDB92AFCB42D00384D34 /* Release */,
			);
			defaultConfigurationIsVisible = 0;
			defaultConfigurationName = Release;
		};
		72ADBDBA2AFCB42D00384D34 /* Build configuration list for PBXNativeTarget "GreenDefenseForceUITests" */ = {
			isa = XCConfigurationList;
			buildConfigurations = (
				72ADBDBB2AFCB42D00384D34 /* Debug */,
				72ADBDBC2AFCB42D00384D34 /* Release */,
			);
			defaultConfigurationIsVisible = 0;
			defaultConfigurationName = Release;
		};
/* End XCConfigurationList section */
	};
	rootObject = 72ADBD822AFCB42C00384D34 /* Project object */;
}
